
Microsoft Visual Studio Solution File, Format Version 11.00
# Visual C# Express 2010
Project("{FAE04EC0-301F-11D3-BF4B-00C04F79EFBC}") = "matrix_shablon", "matrix_shablon\matrix_shablon.csproj", "{9E736E8C-E05F-4271-964F-4782CDABDCCA}"
EndProject
Global
	GlobalSection(SolutionConfigurationPlatforms) = preSolution
		Debug|x86 = Debug|x86
		Release|x86 = Release|x86
	EndGlobalSection
	GlobalSection(ProjectConfigurationPlatforms) = postSolution
		{9E736E8C-E05F-4271-964F-4782CDABDCCA}.Debug|x86.ActiveCfg = Debug|x86
		{9E736E8C-E05F-4271-964F-4782CDABDCCA}.Debug|x86.Build.0 = Debug|x86
		{9E736E8C-E05F-4271-964F-4782CDABDCCA}.Release|x86.ActiveCfg = Release|x86
		{9E736E8C-E05F-4271-964F-4782CDABDCCA}.Release|x86.Build.0 = Release|x86
	EndGlobalSection
	GlobalSection(SolutionProperties) = preSolution
		HideSolutionNode = FALSE
	EndGlobalSection
EndGlobal
